{
  "name": "create-3h-fe",
  "version": "0.8.0",
  "lockfileVersion": 2,
  "requires": true,
  "packages": {
    "": {
      "name": "create-3h-fe",
      "version": "0.8.0",
      "license": "MIT",
      "dependencies": {
        "3h-cli": "^2.2.1"
      },
      "bin": {
        "create-3h-fe": "index.js"
      },
      "devDependencies": {
        "@types/node": "^17.0.12"
      }
    },
    "node_modules/@types/node": {
      "version": "17.0.12",
      "resolved": "https://registry.npmjs.org/@types/node/-/node-17.0.12.tgz",
      "integrity": "sha512-4YpbAsnJXWYK/fpTVFlMIcUIho2AYCi4wg5aNPrG1ng7fn/1/RZfCIpRCiBX+12RVa34RluilnvCqD+g3KiSiA==",
      "dev": true
    },
    "node_modules/3h-cli": {
      "version": "2.2.1",
      "resolved": "https://registry.npmjs.org/3h-cli/-/3h-cli-2.2.1.tgz",
      "integrity": "sha512-z3CFt0ukc1YnIzWJspUqUiJzXDzUQs1b14/9ltcd0QshvZp0sRdEFho+ZH6s+DxD1PiQk6utRLyK3Jgb4WS0cQ=="
    }
  },
  "dependencies": {
    "@types/node": {
      "version": "17.0.12",
      "resolved": "https://registry.npmjs.org/@types/node/-/node-17.0.12.tgz",
      "integrity": "sha512-4YpbAsnJXWYK/fpTVFlMIcUIho2AYCi4wg5aNPrG1ng7fn/1/RZfCIpRCiBX+12RVa34RluilnvCqD+g3KiSiA==",
      "dev": true
    },
    "3h-cli": {
      "version": "2.2.1",
      "resolved": "https://registry.npmjs.org/3h-cli/-/3h-cli-2.2.1.tgz",
      "integrity": "sha512-z3CFt0ukc1YnIzWJspUqUiJzXDzUQs1b14/9ltcd0QshvZp0sRdEFho+ZH6s+DxD1PiQk6utRLyK3Jgb4WS0cQ=="
    }
  }
}
